
Microsoft Visual Studio Solution File, Format Version 12.00
# Visual Studio Version 16
VisualStudioVersion = 16.0.30204.135
MinimumVisualStudioVersion = 10.0.40219.1
Project("{FAE04EC0-301F-11D3-BF4B-00C04F79EFBC}") = "AutoLotDAL", "AutoLotDAL\AutoLotDAL.csproj", "{B348C031-C0D1-4F5E-B5A4-3F5B379170B4}"
EndProject
Global
	GlobalSection(SolutionConfigurationPlatforms) = preSolution
		Debug|Any CPU = Debug|Any CPU
		Release|Any CPU = Release|Any CPU
	EndGlobalSection
	GlobalSection(ProjectConfigurationPlatforms) = postSolution
		{B348C031-C0D1-4F5E-B5A4-3F5B379170B4}.Debug|Any CPU.ActiveCfg = Debug|Any CPU
		{B348C031-C0D1-4F5E-B5A4-3F5B379170B4}.Debug|Any CPU.Build.0 = Debug|Any CPU
		{B348C031-C0D1-4F5E-B5A4-3F5B379170B4}.Release|Any CPU.ActiveCfg = Release|Any CPU
		{B348C031-C0D1-4F5E-B5A4-3F5B379170B4}.Release|Any CPU.Build.0 = Release|Any CPU
	EndGlobalSection
	GlobalSection(SolutionProperties) = preSolution
		HideSolutionNode = FALSE
	EndGlobalSection
	GlobalSection(ExtensibilityGlobals) = postSolution
		SolutionGuid = {D898BFA0-0F35-4AE2-9C31-D4D616EF50B7}
	EndGlobalSection
EndGlobal
